
Microsoft Visual Studio Solution File, Format Version 12.00
# Visual Studio Version 17
VisualStudioVersion = 17.13.35825.156 d17.13
MinimumVisualStudioVersion = 10.0.40219.1
Project("{FAE04EC0-301F-11D3-BF4B-00C04F79EFBC}") = "GamePicker", "GamePicker.csproj", "{A1E819F0-CF04-48DC-B28C-0A2EE34EBEEF}"
EndProject
Global
	GlobalSection(SolutionConfigurationPlatforms) = preSolution
		Debug|Any CPU = Debug|Any CPU
		Release|Any CPU = Release|Any CPU
	EndGlobalSection
	GlobalSection(ProjectConfigurationPlatforms) = postSolution
		{A1E819F0-CF04-48DC-B28C-0A2EE34EBEEF}.Debug|Any CPU.ActiveCfg = Debug|Any CPU
		{A1E819F0-CF04-48DC-B28C-0A2EE34EBEEF}.Debug|Any CPU.Build.0 = Debug|Any CPU
		{A1E819F0-CF04-48DC-B28C-0A2EE34EBEEF}.Release|Any CPU.ActiveCfg = Release|Any CPU
		{A1E819F0-CF04-48DC-B28C-0A2EE34EBEEF}.Release|Any CPU.Build.0 = Release|Any CPU
	EndGlobalSection
	GlobalSection(SolutionProperties) = preSolution
		HideSolutionNode = FALSE
	EndGlobalSection
	GlobalSection(ExtensibilityGlobals) = postSolution
		SolutionGuid = {CE99C969-CA94-449F-B15A-9BA25426FF3C}
	EndGlobalSection
EndGlobal
